
Microsoft Visual Studio Solution File, Format Version 12.00
# Visual Studio Version 17
VisualStudioVersion = 17.5.33530.505
MinimumVisualStudioVersion = 10.0.40219.1
Project("{FAE04EC0-301F-11D3-BF4B-00C04F79EFBC}") = "FilmesAPI", "FilmesAPI\FilmesAPI.csproj", "{14A5CFBE-3261-4880-99EA-4D39DFD254DC}"
EndProject
Global
	GlobalSection(SolutionConfigurationPlatforms) = preSolution
		Debug|Any CPU = Debug|Any CPU
		Release|Any CPU = Release|Any CPU
	EndGlobalSection
	GlobalSection(ProjectConfigurationPlatforms) = postSolution
		{14A5CFBE-3261-4880-99EA-4D39DFD254DC}.Debug|Any CPU.ActiveCfg = Debug|Any CPU
		{14A5CFBE-3261-4880-99EA-4D39DFD254DC}.Debug|Any CPU.Build.0 = Debug|Any CPU
		{14A5CFBE-3261-4880-99EA-4D39DFD254DC}.Release|Any CPU.ActiveCfg = Release|Any CPU
		{14A5CFBE-3261-4880-99EA-4D39DFD254DC}.Release|Any CPU.Build.0 = Release|Any CPU
	EndGlobalSection
	GlobalSection(SolutionProperties) = preSolution
		HideSolutionNode = FALSE
	EndGlobalSection
	GlobalSection(ExtensibilityGlobals) = postSolution
		SolutionGuid = {58412086-BA47-4780-8F99-5FEBF598ED5A}
	EndGlobalSection
EndGlobal
